{
  "name": "SiGeTraG",
  "requires": true,
  "lockfileVersion": 1,
  "dependencies": {
    "@uirouter/angularjs": {
      "version": "1.0.15",
      "resolved": "https://registry.npmjs.org/@uirouter/angularjs/-/angularjs-1.0.15.tgz",
      "integrity": "sha512-qV+fz+OV5WRNNCXfeVO7nEcSSNESXOxLC0lXM9sv+IwTW6gyiynZ2wHP7fP2ETbr20sPxtbFC+kMVLzyiw/yIg==",
      "requires": {
        "@uirouter/core": "5.0.17"
      }
    },
    "@uirouter/core": {
      "version": "5.0.17",
      "resolved": "https://registry.npmjs.org/@uirouter/core/-/core-5.0.17.tgz",
      "integrity": "sha512-aJOSpaRbctGw24Mh74sonLwCyskl7KzFz7M0jRDqrd+eHZK6s/xxi4ZSNuGHRy6kF4x7195buQSJEo7u82t+rA=="
    },
    "angular": {
      "version": "1.6.10",
      "resolved": "https://registry.npmjs.org/angular/-/angular-1.6.10.tgz",
      "integrity": "sha512-PCZ5/hVdvPQiYyH0VwsPjrErPHRcITnaXxhksceOXgtJeesKHLA7KDu4X/yvcAi+1zdGgGF+9pDxkJvghXI9Wg=="
    },
    "angular-agility": {
      "version": "0.8.40",
      "resolved": "https://registry.npmjs.org/angular-agility/-/angular-agility-0.8.40.tgz",
      "integrity": "sha1-bmeEdfva1MkoelAE2Xg6cihiR9I=",
      "requires": {
        "angular": ">=1.2.0"
      }
    },
    "angular-translate": {
      "version": "2.17.1",
      "resolved": "https://registry.npmjs.org/angular-translate/-/angular-translate-2.17.1.tgz",
      "integrity": "sha512-DaX1pRHhnp2ZUuU2FCQhzwNXb3oKaz4vvFTgS+CBbQFqVrL86bfyeQEnb7Kza+ncMipf5pCYzTXkCR2UX7/cqQ==",
      "dev": true,
      "requires": {
        "angular": ">=1.2.26 <=1.6"
      }
    },
    "ngstorage": {
      "version": "0.3.11",
      "resolved": "https://registry.npmjs.org/ngstorage/-/ngstorage-0.3.11.tgz",
      "integrity": "sha1-FjfEW4ctkJ2cx+GLN0iY1QsuhE8="
    }
  }
}
