{
  "name": "SiGeTraG",
  "requires": true,
  "lockfileVersion": 1,
  "dependencies": {
    "@fortawesome/fontawesome-free": {
      "version": "5.9.0",
      "resolved": "https://registry.npmjs.org/@fortawesome/fontawesome-free/-/fontawesome-free-5.9.0.tgz",
      "integrity": "sha512-g795BBEzM/Hq2SYNPm/NQTIp3IWd4eXSH0ds87Na2jnrAUFX3wkyZAI4Gwj9DOaWMuz2/01i8oWI7P7T/XLkhg==",
      "dev": true
    },
    "@uirouter/angularjs": {
      "version": "1.0.15",
      "resolved": "https://registry.npmjs.org/@uirouter/angularjs/-/angularjs-1.0.15.tgz",
      "integrity": "sha512-qV+fz+OV5WRNNCXfeVO7nEcSSNESXOxLC0lXM9sv+IwTW6gyiynZ2wHP7fP2ETbr20sPxtbFC+kMVLzyiw/yIg==",
      "requires": {
        "@uirouter/core": "5.0.17"
      }
    },
    "@uirouter/core": {
      "version": "5.0.17",
      "resolved": "https://registry.npmjs.org/@uirouter/core/-/core-5.0.17.tgz",
      "integrity": "sha512-aJOSpaRbctGw24Mh74sonLwCyskl7KzFz7M0jRDqrd+eHZK6s/xxi4ZSNuGHRy6kF4x7195buQSJEo7u82t+rA=="
    },
    "angular": {
      "version": "1.6.10",
      "resolved": "https://registry.npmjs.org/angular/-/angular-1.6.10.tgz",
      "integrity": "sha512-PCZ5/hVdvPQiYyH0VwsPjrErPHRcITnaXxhksceOXgtJeesKHLA7KDu4X/yvcAi+1zdGgGF+9pDxkJvghXI9Wg=="
    },
    "angular-agility": {
      "version": "0.8.40",
      "resolved": "https://registry.npmjs.org/angular-agility/-/angular-agility-0.8.40.tgz",
      "integrity": "sha1-bmeEdfva1MkoelAE2Xg6cihiR9I=",
      "requires": {
        "angular": ">=1.2.0"
      }
    },
    "angular-animate": {
      "version": "1.7.8",
      "resolved": "https://registry.npmjs.org/angular-animate/-/angular-animate-1.7.8.tgz",
      "integrity": "sha512-bINtzizq7TbJzfVrDpwLfTxVl0Qd7fRNWFb5jKYI1vaFZobQNX/QONXlLow6ySsDbZ6eLECycB7mvWtfh1YYaw=="
    },
    "angular-aria": {
      "version": "1.7.8",
      "resolved": "https://registry.npmjs.org/angular-aria/-/angular-aria-1.7.8.tgz",
      "integrity": "sha512-facq/111sZKL2wUUqRA1GnGt+lZ8KAcX9Aw04cNA+OyEkoaoRC77NY4VSOTQxghlSd0OPAdLeFnmETnuiWrpLg=="
    },
    "angular-material": {
      "version": "1.1.18",
      "resolved": "https://registry.npmjs.org/angular-material/-/angular-material-1.1.18.tgz",
      "integrity": "sha512-a+9Jzg4WF10G3vMbLCp5LSbmroeEbEYvzQoYVpWcXIgOUmnuOjxsNDPL73uNWOE97wOtEcFWxKF2wcP8zgixbA=="
    },
    "angular-material-data-table": {
      "version": "0.10.10",
      "resolved": "https://registry.npmjs.org/angular-material-data-table/-/angular-material-data-table-0.10.10.tgz",
      "integrity": "sha1-IptAJ0XsGhRvB9qNHlJr5lQISe4="
    },
    "angular-messages": {
      "version": "1.7.8",
      "resolved": "https://registry.npmjs.org/angular-messages/-/angular-messages-1.7.8.tgz",
      "integrity": "sha512-e7Oq4ugdTcAp4kLP9TNOh6mfSsYO2Uwf7NavLuNWqahDGRHYXilo2gcI/vxmFjPBOwAmreXrhYlpGLlJdzxfQg=="
    },
    "angular-modal-service": {
      "version": "0.13.0",
      "resolved": "https://registry.npmjs.org/angular-modal-service/-/angular-modal-service-0.13.0.tgz",
      "integrity": "sha512-B1IMGyosJ3Dz1J+r+mj0XHXL9AKk8kk/xpIeGo+kMQOkUTsrQpmjw0SUii0cAkRHWr3GwIG7Tty1fXpNUI5ZkA=="
    },
    "angular-sanitize": {
      "version": "1.7.8",
      "resolved": "https://registry.npmjs.org/angular-sanitize/-/angular-sanitize-1.7.8.tgz",
      "integrity": "sha512-sVq51is1cVNiPytH4JIEd7iRW0OBIRQGNETWkz1c/jnLv2sBf9oDxEd8enwDz/W2ULBIpqJPK/3AsIxmZyh9pA=="
    },
    "angular-translate": {
      "version": "2.17.1",
      "resolved": "https://registry.npmjs.org/angular-translate/-/angular-translate-2.17.1.tgz",
      "integrity": "sha512-DaX1pRHhnp2ZUuU2FCQhzwNXb3oKaz4vvFTgS+CBbQFqVrL86bfyeQEnb7Kza+ncMipf5pCYzTXkCR2UX7/cqQ==",
      "dev": true,
      "requires": {
        "angular": ">=1.2.26 <=1.6"
      }
    },
    "classnames": {
      "version": "2.2.6",
      "resolved": "https://registry.npmjs.org/classnames/-/classnames-2.2.6.tgz",
      "integrity": "sha512-JR/iSQOSt+LQIWwrwEzJ9uk0xfN3mTVYMwt1Ir5mUcSN6pU+V4zQFFaJsclJbPuAUQH+yfWef6tm7l1quW3C8Q=="
    },
    "core-js": {
      "version": "2.5.7",
      "resolved": "https://registry.npmjs.org/core-js/-/core-js-2.5.7.tgz",
      "integrity": "sha512-RszJCAxg/PP6uzXVXL6BsxSXx/B05oJAQ2vkJRjyjrEcNVycaqOmNb5OTxZPE3xa5gwZduqza6L9JOCenh/Ecw=="
    },
    "feather-icons": {
      "version": "4.7.3",
      "resolved": "https://registry.npmjs.org/feather-icons/-/feather-icons-4.7.3.tgz",
      "integrity": "sha512-uuYklJ5HR64WgUZSAcFlZBSjU3jDjDJTr3C62G5Oxq5WmetjM58cjVNLlB4sLgveOKlpCywLTd20m4ww06eLLA==",
      "requires": {
        "classnames": "^2.2.5",
        "core-js": "^2.5.3"
      }
    },
    "font-awesome": {
      "version": "4.7.0",
      "resolved": "https://registry.npmjs.org/font-awesome/-/font-awesome-4.7.0.tgz",
      "integrity": "sha1-j6jPBBGhoxr9B7BtKQK7n8gVoTM="
    },
    "ngstorage": {
      "version": "0.3.11",
      "resolved": "https://registry.npmjs.org/ngstorage/-/ngstorage-0.3.11.tgz",
      "integrity": "sha1-FjfEW4ctkJ2cx+GLN0iY1QsuhE8="
    },
    "nodemailer": {
      "version": "4.6.7",
      "resolved": "https://registry.npmjs.org/nodemailer/-/nodemailer-4.6.7.tgz",
      "integrity": "sha512-GIAAYvs9XIP1fBa8wR89ukUh3yjL44pom5LKY5nTZcL+Zp9sRkqL8wgskyBQECQg9CPsDX/fjTZx8MNz20t0jA=="
    },
    "popper.js": {
      "version": "1.14.4",
      "resolved": "https://registry.npmjs.org/popper.js/-/popper.js-1.14.4.tgz",
      "integrity": "sha1-juwdj/AqWjoVLdQ0FKFce3n9abY="
    }
  }
}
